# This file is automatically @generated by Poetry 1.8.2 and should not be changed by hand.

[[package]]
name = "adafruit-blinka"
version = "8.35.0"
description = "CircuitPython APIs for non-CircuitPython versions of Python such as CPython on Linux and MicroPython."
optional = false
python-versions = ">=3.7.0"
files = [
    {file = "Adafruit-Blinka-8.35.0.tar.gz", hash = "sha256:382d8a01a31fc427096bd0f3759e59560990bf8fc43f4e3b2ec5fb841427d718"},
    {file = "Adafruit_Blinka-8.35.0-py3-none-any.whl", hash = "sha256:67c606a50e28b4c9464cc06eb5cea3457f166ba7968ebaa06a286bf27df51a9a"},
]

[package.dependencies]
adafruit-circuitpython-typing = "*"
Adafruit-PlatformDetect = ">=3.53.0"
Adafruit-PureIO = ">=1.1.7"
pyftdi = ">=0.40.0"

[[package]]
name = "adafruit-circuitpython-74hc595"
version = "1.4.4"
description = "CircuitPython driver for 74HC595 shift register."
optional = false
python-versions = "*"
files = [
    {file = "adafruit-circuitpython-74hc595-1.4.4.tar.gz", hash = "sha256:94ba2246a4d2ac36f902d6036f55d7d022ae86af75f5c4ec363a50d54455dbff"},
    {file = "adafruit_circuitpython_74hc595-1.4.4-py3-none-any.whl", hash = "sha256:485edab839df678c8581ab7bd93db8673affb7c08600938461e1b843f9bda63e"},
]

[package.dependencies]
Adafruit-Blinka = "*"
adafruit-circuitpython-busdevice = "*"
adafruit-circuitpython-typing = "*"

[[package]]
name = "adafruit-circuitpython-busdevice"
version = "5.2.6"
description = "CircuitPython bus device classes to manage bus sharing."
optional = false
python-versions = "*"
files = [
    {file = "adafruit-circuitpython-busdevice-5.2.6.tar.gz", hash = "sha256:ed06f5552e5567b0c89589c5bc6ef3adcac67d59eb505ce9127af99f33c2bc90"},
    {file = "adafruit_circuitpython_busdevice-5.2.6-py3-none-any.whl", hash = "sha256:9f25577843f0a338a0936a1b57436f4451f7783b38e3cf46160b6be78faeaa44"},
]

[package.dependencies]
Adafruit-Blinka = ">=7.0.0"
adafruit-circuitpython-typing = "*"

[[package]]
name = "adafruit-circuitpython-charlcd"
version = "3.4.10"
description = "CircuitPython library for standard character LCDs."
optional = false
python-versions = "*"
files = [
    {file = "adafruit-circuitpython-charlcd-3.4.10.tar.gz", hash = "sha256:0be35aff5a9e1ea6d37dee9c6691a89aefdfbcc8355fe57f789148bfe7fb7472"},
    {file = "adafruit_circuitpython_charlcd-3.4.10-py3-none-any.whl", hash = "sha256:3356cfdccaf8d132fc91accf979e95c64dc03bfefc86507f2b821e1a34baa60a"},
]

[package.dependencies]
Adafruit-Blinka = "*"
adafruit-circuitpython-74hc595 = "*"
adafruit-circuitpython-busdevice = "*"
adafruit-circuitpython-mcp230xx = "*"
adafruit-circuitpython-typing = ">=1.5,<2.0"

[[package]]
name = "adafruit-circuitpython-connectionmanager"
version = "1.0.1"
description = "A urllib3.poolmanager/urllib3.connectionpool-like library for managing sockets and connections"
optional = false
python-versions = "*"
files = [
    {file = "adafruit-circuitpython-connectionmanager-1.0.1.tar.gz", hash = "sha256:913b325488860524edcb6a69f13575addc27c0127764cd74074476e149ba7a73"},
    {file = "adafruit_circuitpython_connectionmanager-1.0.1-py3-none-any.whl", hash = "sha256:9b7800960b61896f499086a2dbf192c270a3eb1f69bf88268a1bd5422f33ad68"},
]

[package.dependencies]
Adafruit-Blinka = "*"

[[package]]
name = "adafruit-circuitpython-mcp230xx"
version = "2.5.13"
description = "CircuitPython library for controlling a MCP23008 or MCP23017 I2C GPIO expander."
optional = false
python-versions = "*"
files = [
    {file = "adafruit-circuitpython-mcp230xx-2.5.13.tar.gz", hash = "sha256:b88f08738af915788d45d01ec4bdbb7003e8ac9de2253ad32bf05974755ecd1d"},
    {file = "adafruit_circuitpython_mcp230xx-2.5.13-py3-none-any.whl", hash = "sha256:8075d183304f9b9399cfb1113bebd5624df56c682379820b2b74058aa3e7d16b"},
]

[package.dependencies]
Adafruit-Blinka = "*"
adafruit-circuitpython-busdevice = "*"

[[package]]
name = "adafruit-circuitpython-requests"
version = "3.2.0"
description = "A requests-like library for web interfacing"
optional = false
python-versions = "*"
files = [
    {file = "adafruit-circuitpython-requests-3.2.0.tar.gz", hash = "sha256:d1e7d1c203a011c109a58681814a0c66c89e1471cc0e1c3333788ef6b30d3650"},
    {file = "adafruit_circuitpython_requests-3.2.0-py3-none-any.whl", hash = "sha256:493df4937943b35bf027b9f8a3e59b7364b06b6f01ddcc55f0ef936c809d210c"},
]

[package.dependencies]
Adafruit-Blinka = "*"
Adafruit-Circuitpython-ConnectionManager = "*"

[[package]]
name = "adafruit-circuitpython-typing"
version = "1.10.3"
description = "Types needed for type annotation that are not in `typing`"
optional = false
python-versions = ">=3.8"
files = [
    {file = "adafruit-circuitpython-typing-1.10.3.tar.gz", hash = "sha256:4c5c1eeb3ae8a3d2dfa75129654c73690fbdb576d9069542a6ea3355467e1e74"},
    {file = "adafruit_circuitpython_typing-1.10.3-py3-none-any.whl", hash = "sha256:4e23d6828deafa4dfd554fd7d3f06b8ff8e2cc554b9c7aecba9d778d45970c18"},
]

[package.dependencies]
Adafruit-Blinka = "*"
adafruit-circuitpython-busdevice = "*"
adafruit-circuitpython-requests = "*"
typing-extensions = ">=4.0,<5.0"

[[package]]
name = "adafruit-platformdetect"
version = "3.62.0"
description = "Platform detection for use by libraries like Adafruit-Blinka."
optional = false
python-versions = "*"
files = [
    {file = "Adafruit-PlatformDetect-3.62.0.tar.gz", hash = "sha256:2f609ba96ab23a8e26abe2ac3bc1580321c29512855cc2d65ad7d8120d120f7e"},
    {file = "Adafruit_PlatformDetect-3.62.0-py3-none-any.whl", hash = "sha256:49f4099a0f2b9ab449b7d6ab89f98ebf18ff84ebab243383aa294f9a53c82430"},
]

[[package]]
name = "adafruit-pureio"
version = "1.1.11"
description = "Pure python (i.e. no native extensions) access to Linux IO    including I2C and SPI. Drop in replacement for smbus and spidev modules."
optional = false
python-versions = ">=3.5.0"
files = [
    {file = "Adafruit_PureIO-1.1.11-py3-none-any.whl", hash = "sha256:281ab2099372cc0decc26326918996cbf21b8eed694ec4764d51eefa029d324e"},
    {file = "Adafruit_PureIO-1.1.11.tar.gz", hash = "sha256:c4cfbb365731942d1f1092a116f47dfdae0aef18c5b27f1072b5824ad5ea8c7c"},
]

[[package]]
name = "autopep8"
version = "2.0.4"
description = "A tool that automatically formats Python code to conform to the PEP 8 style guide"
optional = false
python-versions = ">=3.6"
files = [
    {file = "autopep8-2.0.4-py2.py3-none-any.whl", hash = "sha256:067959ca4a07b24dbd5345efa8325f5f58da4298dab0dde0443d5ed765de80cb"},
    {file = "autopep8-2.0.4.tar.gz", hash = "sha256:2913064abd97b3419d1cc83ea71f042cb821f87e45b9c88cad5ad3c4ea87fe0c"},
]

[package.dependencies]
pycodestyle = ">=2.10.0"
tomli = {version = "*", markers = "python_version < \"3.11\""}

[[package]]
name = "mfrc522"
version = "0.0.7"
description = "A library to integrate the MFRC522 RFID readers with the Raspberry Pi"
optional = false
python-versions = "*"
files = [
    {file = "mfrc522-0.0.7-py2-none-any.whl", hash = "sha256:5f0e06d2ca4550d545478b20edb6661d5da943e75b3d4542ba9eb9eef4e541e7"},
    {file = "mfrc522-0.0.7-py3-none-any.whl", hash = "sha256:874fd0385a7e40190063b60af83d615534b1f764c6b776fed1fcc94551c1e62f"},
    {file = "mfrc522-0.0.7.tar.gz", hash = "sha256:74c7020a4fc4870f5d7022542c36143fba771055a2fae2e5929e6a1159d2bf00"},
]

[package.dependencies]
"RPi.GPIO" = "*"
spidev = "*"

[[package]]
name = "pycodestyle"
version = "2.11.1"
description = "Python style guide checker"
optional = false
python-versions = ">=3.8"
files = [
    {file = "pycodestyle-2.11.1-py2.py3-none-any.whl", hash = "sha256:44fe31000b2d866f2e41841b18528a505fbd7fef9017b04eff4e2648a0fadc67"},
    {file = "pycodestyle-2.11.1.tar.gz", hash = "sha256:41ba0e7afc9752dfb53ced5489e89f8186be00e599e712660695b7a75ff2663f"},
]

[[package]]
name = "pyftdi"
version = "0.55.0"
description = "FTDI device driver (pure Python)"
optional = false
python-versions = ">=3.8"
files = [
    {file = "pyftdi-0.55.0-py3-none-any.whl", hash = "sha256:6af7b6c73da1256fd5140076fe77a616c13e44dd0779dd561dac1b5981dbd43f"},
    {file = "pyftdi-0.55.0.tar.gz", hash = "sha256:a747bbbccc4eeea26cefa2c8bd3d2b8bef8c94ecb6969bb9c75a63640887519a"},
]

[package.dependencies]
pyserial = ">=3.0"
pyusb = ">=1.0.0,<1.2.0 || >1.2.0"

[[package]]
name = "pyserial"
version = "3.5"
description = "Python Serial Port Extension"
optional = false
python-versions = "*"
files = [
    {file = "pyserial-3.5-py2.py3-none-any.whl", hash = "sha256:c4451db6ba391ca6ca299fb3ec7bae67a5c55dde170964c7a14ceefec02f2cf0"},
    {file = "pyserial-3.5.tar.gz", hash = "sha256:3c77e014170dfffbd816e6ffc205e9842efb10be9f58ec16d3e8675b4925cddb"},
]

[package.extras]
cp2110 = ["hidapi"]

[[package]]
name = "pyusb"
version = "1.2.1"
description = "Python USB access module"
optional = false
python-versions = ">=3.6.0"
files = [
    {file = "pyusb-1.2.1-py3-none-any.whl", hash = "sha256:2b4c7cb86dbadf044dfb9d3a4ff69fd217013dbe78a792177a3feb172449ea36"},
    {file = "pyusb-1.2.1.tar.gz", hash = "sha256:a4cc7404a203144754164b8b40994e2849fde1cfff06b08492f12fff9d9de7b9"},
]

[[package]]
name = "rpi-gpio"
version = "0.7.1"
description = "A module to control Raspberry Pi GPIO channels"
optional = false
python-versions = "*"
files = [
    {file = "RPi.GPIO-0.7.1-cp27-cp27mu-linux_armv6l.whl", hash = "sha256:b86b66dc02faa5461b443a1e1f0c1d209d64ab5229696f32fb3b0215e0600c8c"},
    {file = "RPi.GPIO-0.7.1-cp310-cp310-linux_armv6l.whl", hash = "sha256:57b6c044ef5375a78c8dda27cdfadf329e76aa6943cd6cffbbbd345a9adf9ca5"},
    {file = "RPi.GPIO-0.7.1-cp37-cp37m-linux_armv6l.whl", hash = "sha256:77afb817b81331ce3049a4b8f94a85e41b7c404d8e56b61ac0f1eb75c3120868"},
    {file = "RPi.GPIO-0.7.1-cp38-cp38-linux_armv6l.whl", hash = "sha256:29226823da8b5ccb9001d795a944f2e00924eeae583490f0bc7317581172c624"},
    {file = "RPi.GPIO-0.7.1-cp39-cp39-linux_armv6l.whl", hash = "sha256:15311d3b063b71dee738cd26570effc9985a952454d162937c34e08c0fc99902"},
    {file = "RPi.GPIO-0.7.1.tar.gz", hash = "sha256:cd61c4b03c37b62bba4a5acfea9862749c33c618e0295e7e90aa4713fb373b70"},
]

[[package]]
name = "spidev"
version = "3.6"
description = "Python bindings for Linux SPI access through spidev"
optional = false
python-versions = "*"
files = [
    {file = "spidev-3.6-cp39-cp39-linux_armv7l.whl", hash = "sha256:280abc00a1ef7780ef62c3f294f52a2527b6c47d8c269fea98664970bcaf6da5"},
    {file = "spidev-3.6.tar.gz", hash = "sha256:14dbc37594a4aaef85403ab617985d3c3ef464d62bc9b769ef552db53701115b"},
]

[[package]]
name = "tomli"
version = "2.0.1"
description = "A lil' TOML parser"
optional = false
python-versions = ">=3.7"
files = [
    {file = "tomli-2.0.1-py3-none-any.whl", hash = "sha256:939de3e7a6161af0c887ef91b7d41a53e7c5a1ca976325f429cb46ea9bc30ecc"},
    {file = "tomli-2.0.1.tar.gz", hash = "sha256:de526c12914f0c550d15924c62d72abc48d6fe7364aa87328337a31007fe8a4f"},
]

[[package]]
name = "typing-extensions"
version = "4.10.0"
description = "Backported and Experimental Type Hints for Python 3.8+"
optional = false
python-versions = ">=3.8"
files = [
    {file = "typing_extensions-4.10.0-py3-none-any.whl", hash = "sha256:69b1a937c3a517342112fb4c6df7e72fc39a38e7891a5730ed4985b5214b5475"},
    {file = "typing_extensions-4.10.0.tar.gz", hash = "sha256:b0abd7c89e8fb96f98db18d86106ff1d90ab692004eb746cf6eda2682f91b3cb"},
]

[metadata]
lock-version = "2.0"
python-versions = "^3.8"
content-hash = "6d5c5cf03193dddfd1ca82a49110c25d5181705850985a97b4b9d59aea5836cb"
